
Microsoft Visual Studio Solution File, Format Version 12.00
# Visual Studio Version 16
VisualStudioVersion = 16.0.29806.167
MinimumVisualStudioVersion = 10.0.40219.1
Project("{FAE04EC0-301F-11D3-BF4B-00C04F79EFBC}") = "DevIO.UI.Site", "src\DevIO.UI.Site\DevIO.UI.Site.csproj", "{8EFACE66-850C-4E25-B9D8-8014B42E49B8}"
EndProject
Global
	GlobalSection(SolutionConfigurationPlatforms) = preSolution
		Debug|Any CPU = Debug|Any CPU
		Release|Any CPU = Release|Any CPU
	EndGlobalSection
	GlobalSection(ProjectConfigurationPlatforms) = postSolution
		{8EFACE66-850C-4E25-B9D8-8014B42E49B8}.Debug|Any CPU.ActiveCfg = Debug|Any CPU
		{8EFACE66-850C-4E25-B9D8-8014B42E49B8}.Debug|Any CPU.Build.0 = Debug|Any CPU
		{8EFACE66-850C-4E25-B9D8-8014B42E49B8}.Release|Any CPU.ActiveCfg = Release|Any CPU
		{8EFACE66-850C-4E25-B9D8-8014B42E49B8}.Release|Any CPU.Build.0 = Release|Any CPU
	EndGlobalSection
	GlobalSection(SolutionProperties) = preSolution
		HideSolutionNode = FALSE
	EndGlobalSection
	GlobalSection(ExtensibilityGlobals) = postSolution
		SolutionGuid = {D1F85390-290D-4B53-B93B-3B81AAFAAC5B}
	EndGlobalSection
EndGlobal
